{
  "name": "newsapp",
  "lockfileVersion": 3,
  "requires": true,
  "packages": {
    "": {
      "dependencies": {
        "react-infinite-scroll-component": "^6.1.0",
        "react-router-dom": "^6.9.0",
        "react-top-loading-bar": "^2.3.1"
      }
    },
    "node_modules/@remix-run/router": {
      "version": "1.4.0",
      "license": "MIT",
      "engines": {
        "node": ">=14"
      }
    },
    "node_modules/react-infinite-scroll-component": {
      "version": "6.1.0",
      "license": "MIT",
      "dependencies": {
        "throttle-debounce": "^2.1.0"
      },
      "peerDependencies": {
        "react": ">=16.0.0"
      }
    },
    "node_modules/react-router": {
      "version": "6.9.0",
      "license": "MIT",
      "dependencies": {
        "@remix-run/router": "1.4.0"
      },
      "engines": {
        "node": ">=14"
      },
      "peerDependencies": {
        "react": ">=16.8"
      }
    },
    "node_modules/react-router-dom": {
      "version": "6.9.0",
      "license": "MIT",
      "dependencies": {
        "@remix-run/router": "1.4.0",
        "react-router": "6.9.0"
      },
      "engines": {
        "node": ">=14"
      },
      "peerDependencies": {
        "react": ">=16.8",
        "react-dom": ">=16.8"
      }
    },
    "node_modules/react-top-loading-bar": {
      "version": "2.3.1",
      "resolved": "https://registry.npmjs.org/react-top-loading-bar/-/react-top-loading-bar-2.3.1.tgz",
      "integrity": "sha512-rQk2Nm+TOBrM1C4E3e6KwT65iXyRSgBHjCkr2FNja1S51WaPulRA5nKj/xazuQ3x89wDDdGsrqkqy0RBIfd0xg==",
      "engines": {
        "node": ">=10"
      },
      "peerDependencies": {
        "react": "^16 || ^17 || ^18"
      }
    },
    "node_modules/throttle-debounce": {
      "version": "2.3.0",
      "license": "MIT",
      "engines": {
        "node": ">=8"
      }
    }
  }
}
